
Microsoft Visual Studio Solution File, Format Version 12.00
# Visual Studio Version 16
VisualStudioVersion = 16.0.31410.357
MinimumVisualStudioVersion = 10.0.40219.1
Project("{9A19103F-16F7-4668-BE54-9A1E7A4F7556}") = "Sample1", "Samples1\Sample1.csproj", "{8B269214-8256-4F15-87B2-4E697721E3AF}"
EndProject
Project("{FAE04EC0-301F-11D3-BF4B-00C04F79EFBC}") = "Sample2", "Sample2\Sample2.csproj", "{05755C36-3431-4452-A219-EF8DA2371CF8}"
EndProject
Project("{FAE04EC0-301F-11D3-BF4B-00C04F79EFBC}") = "Sample3", "Sample3\Sample3.csproj", "{857C01E0-0BE7-43F8-A7AC-C4E97506F948}"
EndProject
Project("{FAE04EC0-301F-11D3-BF4B-00C04F79EFBC}") = "Sample4", "Sample4\Sample4.csproj", "{D43DE50D-9C6A-4E44-9C39-9918A5ECA62F}"
EndProject
Global
	GlobalSection(SolutionConfigurationPlatforms) = preSolution
		Debug|Any CPU = Debug|Any CPU
		Release|Any CPU = Release|Any CPU
	EndGlobalSection
	GlobalSection(ProjectConfigurationPlatforms) = postSolution
		{8B269214-8256-4F15-87B2-4E697721E3AF}.Debug|Any CPU.ActiveCfg = Debug|Any CPU
		{8B269214-8256-4F15-87B2-4E697721E3AF}.Debug|Any CPU.Build.0 = Debug|Any CPU
		{8B269214-8256-4F15-87B2-4E697721E3AF}.Release|Any CPU.ActiveCfg = Release|Any CPU
		{8B269214-8256-4F15-87B2-4E697721E3AF}.Release|Any CPU.Build.0 = Release|Any CPU
		{05755C36-3431-4452-A219-EF8DA2371CF8}.Debug|Any CPU.ActiveCfg = Debug|Any CPU
		{05755C36-3431-4452-A219-EF8DA2371CF8}.Debug|Any CPU.Build.0 = Debug|Any CPU
		{05755C36-3431-4452-A219-EF8DA2371CF8}.Release|Any CPU.ActiveCfg = Release|Any CPU
		{05755C36-3431-4452-A219-EF8DA2371CF8}.Release|Any CPU.Build.0 = Release|Any CPU
		{857C01E0-0BE7-43F8-A7AC-C4E97506F948}.Debug|Any CPU.ActiveCfg = Debug|Any CPU
		{857C01E0-0BE7-43F8-A7AC-C4E97506F948}.Debug|Any CPU.Build.0 = Debug|Any CPU
		{857C01E0-0BE7-43F8-A7AC-C4E97506F948}.Release|Any CPU.ActiveCfg = Release|Any CPU
		{857C01E0-0BE7-43F8-A7AC-C4E97506F948}.Release|Any CPU.Build.0 = Release|Any CPU
		{D43DE50D-9C6A-4E44-9C39-9918A5ECA62F}.Debug|Any CPU.ActiveCfg = Debug|Any CPU
		{D43DE50D-9C6A-4E44-9C39-9918A5ECA62F}.Debug|Any CPU.Build.0 = Debug|Any CPU
		{D43DE50D-9C6A-4E44-9C39-9918A5ECA62F}.Release|Any CPU.ActiveCfg = Release|Any CPU
		{D43DE50D-9C6A-4E44-9C39-9918A5ECA62F}.Release|Any CPU.Build.0 = Release|Any CPU
	EndGlobalSection
	GlobalSection(SolutionProperties) = preSolution
		HideSolutionNode = FALSE
	EndGlobalSection
	GlobalSection(ExtensibilityGlobals) = postSolution
		SolutionGuid = {64DB41F1-8260-44C9-B041-1487543A96C8}
	EndGlobalSection
EndGlobal
